// !$*UTF8*$!
{
	archiveVersion = 1;
	classes = {
	};
	objectVersion = 51;
	objects = {

/* Begin PBXBuildFile section */
		322B2A055E0321B204F61F53 /* Pods_GeoHash.framework in Frameworks */ = {isa = PBXBuildFile; fileRef = 2DE72196F78894B6BD385B2E /* Pods_GeoHash.framework */; };
		32B6D87FF356F0D973A182B9 /* Pods_GeoHash_GeoHashUITests.framework in Frameworks */ = {isa = PBXBuildFile; fileRef = 2FB6FC29881D73113C1B372D /* Pods_GeoHash_GeoHashUITests.framework */; };
		8431AB1625C4AD71005086DC /* Extensions.swift in Sources */ = {isa = PBXBuildFile; fileRef = 8431AB1525C4AD71005086DC /* Extensions.swift */; };
		84A275D825C46FC100BC6573 /* PickUps.swift in Sources */ = {isa = PBXBuildFile; fileRef = 84A275D725C46FC100BC6573 /* PickUps.swift */; };
		84A275F525C47C0400BC6573 /* DateHelp.swift in Sources */ = {isa = PBXBuildFile; fileRef = 84A275F425C47C0400BC6573 /* DateHelp.swift */; };
		84FD230A25C46BA0001B88F6 /* AppDelegate.swift in Sources */ = {isa = PBXBuildFile; fileRef = 84FD230925C46BA0001B88F6 /* AppDelegate.swift */; };
		84FD230C25C46BA0001B88F6 /* SceneDelegate.swift in Sources */ = {isa = PBXBuildFile; fileRef = 84FD230B25C46BA0001B88F6 /* SceneDelegate.swift */; };
		84FD230E25C46BA0001B88F6 /* ViewController.swift in Sources */ = {isa = PBXBuildFile; fileRef = 84FD230D25C46BA0001B88F6 /* ViewController.swift */; };
		84FD231125C46BA0001B88F6 /* Main.storyboard in Resources */ = {isa = PBXBuildFile; fileRef = 84FD230F25C46BA0001B88F6 /* Main.storyboard */; };
		84FD231325C46BA2001B88F6 /* Assets.xcassets in Resources */ = {isa = PBXBuildFile; fileRef = 84FD231225C46BA2001B88F6 /* Assets.xcassets */; };
		84FD231625C46BA2001B88F6 /* LaunchScreen.storyboard in Resources */ = {isa = PBXBuildFile; fileRef = 84FD231425C46BA2001B88F6 /* LaunchScreen.storyboard */; };
		84FD232125C46BA2001B88F6 /* GeoHashTests.swift in Sources */ = {isa = PBXBuildFile; fileRef = 84FD232025C46BA2001B88F6 /* GeoHashTests.swift */; };
		84FD232C25C46BA2001B88F6 /* GeoHashUITests.swift in Sources */ = {isa = PBXBuildFile; fileRef = 84FD232B25C46BA2001B88F6 /* GeoHashUITests.swift */; };
		84FD233D25C46C23001B88F6 /* GoogleService-Info.plist in Resources */ = {isa = PBXBuildFile; fileRef = 84FD233C25C46C23001B88F6 /* GoogleService-Info.plist */; };
		AE759F28BCE5EC46CF772979 /* Pods_GeoHashTests.framework in Frameworks */ = {isa = PBXBuildFile; fileRef = 637F84DCD7F05ACB1CC8CF0B /* Pods_GeoHashTests.framework */; };
/* End PBXBuildFile section */

/* Begin PBXContainerItemProxy section */
		84FD231D25C46BA2001B88F6 /* PBXContainerItemProxy */ = {
			isa = PBXContainerItemProxy;
			containerPortal = 84FD22FE25C46BA0001B88F6 /* Project object */;
			proxyType = 1;
			remoteGlobalIDString = 84FD230525C46BA0001B88F6;
			remoteInfo = GeoHash;
		};
		84FD232825C46BA2001B88F6 /* PBXContainerItemProxy */ = {
			isa = PBXContainerItemProxy;
			containerPortal = 84FD22FE25C46BA0001B88F6 /* Project object */;
			proxyType = 1;
			remoteGlobalIDString = 84FD230525C46BA0001B88F6;
			remoteInfo = GeoHash;
		};
/* End PBXContainerItemProxy section */

/* Begin PBXFileReference section */
		02DF5053D2FCD8E594556628 /* Pods-GeoHashTests.debug.xcconfig */ = {isa = PBXFileReference; includeInIndex = 1; lastKnownFileType = text.xcconfig; name = "Pods-GeoHashTests.debug.xcconfig"; path = "Target Support Files/Pods-GeoHashTests/Pods-GeoHashTests.debug.xcconfig"; sourceTree = "<group>"; };
		0E631A90A3DBABAAC3CDCBF7 /* Pods-GeoHash-GeoHashUITests.release.xcconfig */ = {isa = PBXFileReference; includeInIndex = 1; lastKnownFileType = text.xcconfig; name = "Pods-GeoHash-GeoHashUITests.release.xcconfig"; path = "Target Support Files/Pods-GeoHash-GeoHashUITests/Pods-GeoHash-GeoHashUITests.release.xcconfig"; sourceTree = "<group>"; };
		294C2C1E8CC61437D6302CC0 /* Pods-GeoHash.debug.xcconfig */ = {isa = PBXFileReference; includeInIndex = 1; lastKnownFileType = text.xcconfig; name = "Pods-GeoHash.debug.xcconfig"; path = "Target Support Files/Pods-GeoHash/Pods-GeoHash.debug.xcconfig"; sourceTree = "<group>"; };
		2DE72196F78894B6BD385B2E /* Pods_GeoHash.framework */ = {isa = PBXFileReference; explicitFileType = wrapper.framework; includeInIndex = 0; path = Pods_GeoHash.framework; sourceTree = BUILT_PRODUCTS_DIR; };
		2FB6FC29881D73113C1B372D /* Pods_GeoHash_GeoHashUITests.framework */ = {isa = PBXFileReference; explicitFileType = wrapper.framework; includeInIndex = 0; path = Pods_GeoHash_GeoHashUITests.framework; sourceTree = BUILT_PRODUCTS_DIR; };
		35D7224B5580C533A69A0E88 /* Pods-GeoHashTests.release.xcconfig */ = {isa = PBXFileReference; includeInIndex = 1; lastKnownFileType = text.xcconfig; name = "Pods-GeoHashTests.release.xcconfig"; path = "Target Support Files/Pods-GeoHashTests/Pods-GeoHashTests.release.xcconfig"; sourceTree = "<group>"; };
		631E0CAFDDF06F375EF4F957 /* Pods-GeoHash.release.xcconfig */ = {isa = PBXFileReference; includeInIndex = 1; lastKnownFileType = text.xcconfig; name = "Pods-GeoHash.release.xcconfig"; path = "Target Support Files/Pods-GeoHash/Pods-GeoHash.release.xcconfig"; sourceTree = "<group>"; };
		637F84DCD7F05ACB1CC8CF0B /* Pods_GeoHashTests.framework */ = {isa = PBXFileReference; explicitFileType = wrapper.framework; includeInIndex = 0; path = Pods_GeoHashTests.framework; sourceTree = BUILT_PRODUCTS_DIR; };
		7A7CBC6D8903A43C6E4C3574 /* Pods-GeoHash-GeoHashUITests.debug.xcconfig */ = {isa = PBXFileReference; includeInIndex = 1; lastKnownFileType = text.xcconfig; name = "Pods-GeoHash-GeoHashUITests.debug.xcconfig"; path = "Target Support Files/Pods-GeoHash-GeoHashUITests/Pods-GeoHash-GeoHashUITests.debug.xcconfig"; sourceTree = "<group>"; };
		8431AB1525C4AD71005086DC /* Extensions.swift */ = {isa = PBXFileReference; lastKnownFileType = sourcecode.swift; path = Extensions.swift; sourceTree = "<group>"; };
		84A275D725C46FC100BC6573 /* PickUps.swift */ = {isa = PBXFileReference; lastKnownFileType = sourcecode.swift; path = PickUps.swift; sourceTree = "<group>"; };
		84A275F425C47C0400BC6573 /* DateHelp.swift */ = {isa = PBXFileReference; lastKnownFileType = sourcecode.swift; path = DateHelp.swift; sourceTree = "<group>"; };
		84FD230625C46BA0001B88F6 /* GeoHash.app */ = {isa = PBXFileReference; explicitFileType = wrapper.application; includeInIndex = 0; path = GeoHash.app; sourceTree = BUILT_PRODUCTS_DIR; };
		84FD230925C46BA0001B88F6 /* AppDelegate.swift */ = {isa = PBXFileReference; lastKnownFileType = sourcecode.swift; path = AppDelegate.swift; sourceTree = "<group>"; };
		84FD230B25C46BA0001B88F6 /* SceneDelegate.swift */ = {isa = PBXFileReference; lastKnownFileType = sourcecode.swift; path = SceneDelegate.swift; sourceTree = "<group>"; };
		84FD230D25C46BA0001B88F6 /* ViewController.swift */ = {isa = PBXFileReference; lastKnownFileType = sourcecode.swift; path = ViewController.swift; sourceTree = "<group>"; };
		84FD231025C46BA0001B88F6 /* Base */ = {isa = PBXFileReference; lastKnownFileType = file.storyboard; name = Base; path = Base.lproj/Main.storyboard; sourceTree = "<group>"; };
		84FD231225C46BA2001B88F6 /* Assets.xcassets */ = {isa = PBXFileReference; lastKnownFileType = folder.assetcatalog; path = Assets.xcassets; sourceTree = "<group>"; };
		84FD231525C46BA2001B88F6 /* Base */ = {isa = PBXFileReference; lastKnownFileType = file.storyboard; name = Base; path = Base.lproj/LaunchScreen.storyboard; sourceTree = "<group>"; };
		84FD231725C46BA2001B88F6 /* Info.plist */ = {isa = PBXFileReference; lastKnownFileType = text.plist.xml; path = Info.plist; sourceTree = "<group>"; };
		84FD231C25C46BA2001B88F6 /* GeoHashTests.xctest */ = {isa = PBXFileReference; explicitFileType = wrapper.cfbundle; includeInIndex = 0; path = GeoHashTests.xctest; sourceTree = BUILT_PRODUCTS_DIR; };
		84FD232025C46BA2001B88F6 /* GeoHashTests.swift */ = {isa = PBXFileReference; lastKnownFileType = sourcecode.swift; path = GeoHashTests.swift; sourceTree = "<group>"; };
		84FD232225C46BA2001B88F6 /* Info.plist */ = {isa = PBXFileReference; lastKnownFileType = text.plist.xml; path = Info.plist; sourceTree = "<group>"; };
		84FD232725C46BA2001B88F6 /* GeoHashUITests.xctest */ = {isa = PBXFileReference; explicitFileType = wrapper.cfbundle; includeInIndex = 0; path = GeoHashUITests.xctest; sourceTree = BUILT_PRODUCTS_DIR; };
		84FD232B25C46BA2001B88F6 /* GeoHashUITests.swift */ = {isa = PBXFileReference; lastKnownFileType = sourcecode.swift; path = GeoHashUITests.swift; sourceTree = "<group>"; };
		84FD232D25C46BA2001B88F6 /* Info.plist */ = {isa = PBXFileReference; lastKnownFileType = text.plist.xml; path = Info.plist; sourceTree = "<group>"; };
		84FD233C25C46C23001B88F6 /* GoogleService-Info.plist */ = {isa = PBXFileReference; fileEncoding = 4; lastKnownFileType = text.plist.xml; path = "GoogleService-Info.plist"; sourceTree = "<group>"; };
/* End PBXFileReference section */

/* Begin PBXFrameworksBuildPhase section */
		84FD230325C46BA0001B88F6 /* Frameworks */ = {
			isa = PBXFrameworksBuildPhase;
			buildActionMask = 2147483647;
			files = (
				322B2A055E0321B204F61F53 /* Pods_GeoHash.framework in Frameworks */,
			);
			runOnlyForDeploymentPostprocessing = 0;
		};
		84FD231925C46BA2001B88F6 /* Frameworks */ = {
			isa = PBXFrameworksBuildPhase;
			buildActionMask = 2147483647;
			files = (
				AE759F28BCE5EC46CF772979 /* Pods_GeoHashTests.framework in Frameworks */,
			);
			runOnlyForDeploymentPostprocessing = 0;
		};
		84FD232425C46BA2001B88F6 /* Frameworks */ = {
			isa = PBXFrameworksBuildPhase;
			buildActionMask = 2147483647;
			files = (
				32B6D87FF356F0D973A182B9 /* Pods_GeoHash_GeoHashUITests.framework in Frameworks */,
			);
			runOnlyForDeploymentPostprocessing = 0;
		};
/* End PBXFrameworksBuildPhase section */

/* Begin PBXGroup section */
		84FD22FD25C46BA0001B88F6 = {
			isa = PBXGroup;
			children = (
				84FD230825C46BA0001B88F6 /* GeoHash */,
				84FD231F25C46BA2001B88F6 /* GeoHashTests */,
				84FD232A25C46BA2001B88F6 /* GeoHashUITests */,
				84FD230725C46BA0001B88F6 /* Products */,
				C26889CE98408BA8553638D2 /* Pods */,
				E06C2779535DC13CEADCA1A6 /* Frameworks */,
			);
			sourceTree = "<group>";
		};
		84FD230725C46BA0001B88F6 /* Products */ = {
			isa = PBXGroup;
			children = (
				84FD230625C46BA0001B88F6 /* GeoHash.app */,
				84FD231C25C46BA2001B88F6 /* GeoHashTests.xctest */,
				84FD232725C46BA2001B88F6 /* GeoHashUITests.xctest */,
			);
			name = Products;
			sourceTree = "<group>";
		};
		84FD230825C46BA0001B88F6 /* GeoHash */ = {
			isa = PBXGroup;
			children = (
				84FD230F25C46BA0001B88F6 /* Main.storyboard */,
				84FD230D25C46BA0001B88F6 /* ViewController.swift */,
				84A275D725C46FC100BC6573 /* PickUps.swift */,
				84A275F425C47C0400BC6573 /* DateHelp.swift */,
				8431AB1525C4AD71005086DC /* Extensions.swift */,
				84FD230B25C46BA0001B88F6 /* SceneDelegate.swift */,
				84FD231225C46BA2001B88F6 /* Assets.xcassets */,
				84FD230925C46BA0001B88F6 /* AppDelegate.swift */,
				84FD231425C46BA2001B88F6 /* LaunchScreen.storyboard */,
				84FD233C25C46C23001B88F6 /* GoogleService-Info.plist */,
				84FD231725C46BA2001B88F6 /* Info.plist */,
			);
			path = GeoHash;
			sourceTree = "<group>";
		};
		84FD231F25C46BA2001B88F6 /* GeoHashTests */ = {
			isa = PBXGroup;
			children = (
				84FD232025C46BA2001B88F6 /* GeoHashTests.swift */,
				84FD232225C46BA2001B88F6 /* Info.plist */,
			);
			path = GeoHashTests;
			sourceTree = "<group>";
		};
		84FD232A25C46BA2001B88F6 /* GeoHashUITests */ = {
			isa = PBXGroup;
			children = (
				84FD232B25C46BA2001B88F6 /* GeoHashUITests.swift */,
				84FD232D25C46BA2001B88F6 /* Info.plist */,
			);
			path = GeoHashUITests;
			sourceTree = "<group>";
		};
		C26889CE98408BA8553638D2 /* Pods */ = {
			isa = PBXGroup;
			children = (
				294C2C1E8CC61437D6302CC0 /* Pods-GeoHash.debug.xcconfig */,
				631E0CAFDDF06F375EF4F957 /* Pods-GeoHash.release.xcconfig */,
				7A7CBC6D8903A43C6E4C3574 /* Pods-GeoHash-GeoHashUITests.debug.xcconfig */,
				0E631A90A3DBABAAC3CDCBF7 /* Pods-GeoHash-GeoHashUITests.release.xcconfig */,
				02DF5053D2FCD8E594556628 /* Pods-GeoHashTests.debug.xcconfig */,
				35D7224B5580C533A69A0E88 /* Pods-GeoHashTests.release.xcconfig */,
			);
			path = Pods;
			sourceTree = "<group>";
		};
		E06C2779535DC13CEADCA1A6 /* Frameworks */ = {
			isa = PBXGroup;
			children = (
				2DE72196F78894B6BD385B2E /* Pods_GeoHash.framework */,
				2FB6FC29881D73113C1B372D /* Pods_GeoHash_GeoHashUITests.framework */,
				637F84DCD7F05ACB1CC8CF0B /* Pods_GeoHashTests.framework */,
			);
			name = Frameworks;
			sourceTree = "<group>";
		};
/* End PBXGroup section */

/* Begin PBXNativeTarget section */
		84FD230525C46BA0001B88F6 /* GeoHash */ = {
			isa = PBXNativeTarget;
			buildConfigurationList = 84FD233025C46BA2001B88F6 /* Build configuration list for PBXNativeTarget "GeoHash" */;
			buildPhases = (
				F8523624DE19F7A8830CEB8B /* [CP] Check Pods Manifest.lock */,
				84FD230225C46BA0001B88F6 /* Sources */,
				84FD230325C46BA0001B88F6 /* Frameworks */,
				84FD230425C46BA0001B88F6 /* Resources */,
				7BAD60AB0D15DE3964151FC2 /* [CP] Embed Pods Frameworks */,
			);
			buildRules = (
			);
			dependencies = (
			);
			name = GeoHash;
			productName = GeoHash;
			productReference = 84FD230625C46BA0001B88F6 /* GeoHash.app */;
			productType = "com.apple.product-type.application";
		};
		84FD231B25C46BA2001B88F6 /* GeoHashTests */ = {
			isa = PBXNativeTarget;
			buildConfigurationList = 84FD233325C46BA2001B88F6 /* Build configuration list for PBXNativeTarget "GeoHashTests" */;
			buildPhases = (
				077ED1D0B57312C5ABB73561 /* [CP] Check Pods Manifest.lock */,
				84FD231825C46BA2001B88F6 /* Sources */,
				84FD231925C46BA2001B88F6 /* Frameworks */,
				84FD231A25C46BA2001B88F6 /* Resources */,
			);
			buildRules = (
			);
			dependencies = (
				84FD231E25C46BA2001B88F6 /* PBXTargetDependency */,
			);
			name = GeoHashTests;
			productName = GeoHashTests;
			productReference = 84FD231C25C46BA2001B88F6 /* GeoHashTests.xctest */;
			productType = "com.apple.product-type.bundle.unit-test";
		};
		84FD232625C46BA2001B88F6 /* GeoHashUITests */ = {
			isa = PBXNativeTarget;
			buildConfigurationList = 84FD233625C46BA2001B88F6 /* Build configuration list for PBXNativeTarget "GeoHashUITests" */;
			buildPhases = (
				7869E53B357B73B6746C2AD0 /* [CP] Check Pods Manifest.lock */,
				84FD232325C46BA2001B88F6 /* Sources */,
				84FD232425C46BA2001B88F6 /* Frameworks */,
				84FD232525C46BA2001B88F6 /* Resources */,
				5A8866E458C6014C57AAB828 /* [CP] Embed Pods Frameworks */,
			);
			buildRules = (
			);
			dependencies = (
				84FD232925C46BA2001B88F6 /* PBXTargetDependency */,
			);
			name = GeoHashUITests;
			productName = GeoHashUITests;
			productReference = 84FD232725C46BA2001B88F6 /* GeoHashUITests.xctest */;
			productType = "com.apple.product-type.bundle.ui-testing";
		};
/* End PBXNativeTarget section */

/* Begin PBXProject section */
		84FD22FE25C46BA0001B88F6 /* Project object */ = {
			isa = PBXProject;
			attributes = {
				LastSwiftUpdateCheck = 1240;
				LastUpgradeCheck = 1240;
				TargetAttributes = {
					84FD230525C46BA0001B88F6 = {
						CreatedOnToolsVersion = 12.4;
					};
					84FD231B25C46BA2001B88F6 = {
						CreatedOnToolsVersion = 12.4;
						TestTargetID = 84FD230525C46BA0001B88F6;
					};
					84FD232625C46BA2001B88F6 = {
						CreatedOnToolsVersion = 12.4;
						TestTargetID = 84FD230525C46BA0001B88F6;
					};
				};
			};
			buildConfigurationList = 84FD230125C46BA0001B88F6 /* Build configuration list for PBXProject "GeoHash" */;
			compatibilityVersion = "Xcode 9.3";
			developmentRegion = en;
			hasScannedForEncodings = 0;
			knownRegions = (
				en,
				Base,
			);
			mainGroup = 84FD22FD25C46BA0001B88F6;
			productRefGroup = 84FD230725C46BA0001B88F6 /* Products */;
			projectDirPath = "";
			projectRoot = "";
			targets = (
				84FD230525C46BA0001B88F6 /* GeoHash */,
				84FD231B25C46BA2001B88F6 /* GeoHashTests */,
				84FD232625C46BA2001B88F6 /* GeoHashUITests */,
			);
		};
/* End PBXProject section */

/* Begin PBXResourcesBuildPhase section */
		84FD230425C46BA0001B88F6 /* Resources */ = {
			isa = PBXResourcesBuildPhase;
			buildActionMask = 2147483647;
			files = (
				84FD231625C46BA2001B88F6 /* LaunchScreen.storyboard in Resources */,
				84FD233D25C46C23001B88F6 /* GoogleService-Info.plist in Resources */,
				84FD231325C46BA2001B88F6 /* Assets.xcassets in Resources */,
				84FD231125C46BA0001B88F6 /* Main.storyboard in Resources */,
			);
			runOnlyForDeploymentPostprocessing = 0;
		};
		84FD231A25C46BA2001B88F6 /* Resources */ = {
			isa = PBXResourcesBuildPhase;
			buildActionMask = 2147483647;
			files = (
			);
			runOnlyForDeploymentPostprocessing = 0;
		};
		84FD232525C46BA2001B88F6 /* Resources */ = {
			isa = PBXResourcesBuildPhase;
			buildActionMask = 2147483647;
			files = (
			);
			runOnlyForDeploymentPostprocessing = 0;
		};
/* End PBXResourcesBuildPhase section */

/* Begin PBXShellScriptBuildPhase section */
		077ED1D0B57312C5ABB73561 /* [CP] Check Pods Manifest.lock */ = {
			isa = PBXShellScriptBuildPhase;
			buildActionMask = 2147483647;
			files = (
			);
			inputFileListPaths = (
			);
			inputPaths = (
				"${PODS_PODFILE_DIR_PATH}/Podfile.lock",
				"${PODS_ROOT}/Manifest.lock",
			);
			name = "[CP] Check Pods Manifest.lock";
			outputFileListPaths = (
			);
			outputPaths = (
				"$(DERIVED_FILE_DIR)/Pods-GeoHashTests-checkManifestLockResult.txt",
			);
			runOnlyForDeploymentPostprocessing = 0;
			shellPath = /bin/sh;
			shellScript = "diff \"${PODS_PODFILE_DIR_PATH}/Podfile.lock\" \"${PODS_ROOT}/Manifest.lock\" > /dev/null\nif [ $? != 0 ] ; then\n    # print error to STDERR\n    echo \"error: The sandbox is not in sync with the Podfile.lock. Run 'pod install' or update your CocoaPods installation.\" >&2\n    exit 1\nfi\n# This output is used by Xcode 'outputs' to avoid re-running this script phase.\necho \"SUCCESS\" > \"${SCRIPT_OUTPUT_FILE_0}\"\n";
			showEnvVarsInLog = 0;
		};
		5A8866E458C6014C57AAB828 /* [CP] Embed Pods Frameworks */ = {
			isa = PBXShellScriptBuildPhase;
			buildActionMask = 2147483647;
			files = (
			);
			inputFileListPaths = (
				"${PODS_ROOT}/Target Support Files/Pods-GeoHash-GeoHashUITests/Pods-GeoHash-GeoHashUITests-frameworks-${CONFIGURATION}-input-files.xcfilelist",
			);
			name = "[CP] Embed Pods Frameworks";
			outputFileListPaths = (
				"${PODS_ROOT}/Target Support Files/Pods-GeoHash-GeoHashUITests/Pods-GeoHash-GeoHashUITests-frameworks-${CONFIGURATION}-output-files.xcfilelist",
			);
			runOnlyForDeploymentPostprocessing = 0;
			shellPath = /bin/sh;
			shellScript = "\"${PODS_ROOT}/Target Support Files/Pods-GeoHash-GeoHashUITests/Pods-GeoHash-GeoHashUITests-frameworks.sh\"\n";
			showEnvVarsInLog = 0;
		};
		7869E53B357B73B6746C2AD0 /* [CP] Check Pods Manifest.lock */ = {
			isa = PBXShellScriptBuildPhase;
			buildActionMask = 2147483647;
			files = (
			);
			inputFileListPaths = (
			);
			inputPaths = (
				"${PODS_PODFILE_DIR_PATH}/Podfile.lock",
				"${PODS_ROOT}/Manifest.lock",
			);
			name = "[CP] Check Pods Manifest.lock";
			outputFileListPaths = (
			);
			outputPaths = (
				"$(DERIVED_FILE_DIR)/Pods-GeoHash-GeoHashUITests-checkManifestLockResult.txt",
			);
			runOnlyForDeploymentPostprocessing = 0;
			shellPath = /bin/sh;
			shellScript = "diff \"${PODS_PODFILE_DIR_PATH}/Podfile.lock\" \"${PODS_ROOT}/Manifest.lock\" > /dev/null\nif [ $? != 0 ] ; then\n    # print error to STDERR\n    echo \"error: The sandbox is not in sync with the Podfile.lock. Run 'pod install' or update your CocoaPods installation.\" >&2\n    exit 1\nfi\n# This output is used by Xcode 'outputs' to avoid re-running this script phase.\necho \"SUCCESS\" > \"${SCRIPT_OUTPUT_FILE_0}\"\n";
			showEnvVarsInLog = 0;
		};
		7BAD60AB0D15DE3964151FC2 /* [CP] Embed Pods Frameworks */ = {
			isa = PBXShellScriptBuildPhase;
			buildActionMask = 2147483647;
			files = (
			);
			inputFileListPaths = (
				"${PODS_ROOT}/Target Support Files/Pods-GeoHash/Pods-GeoHash-frameworks-${CONFIGURATION}-input-files.xcfilelist",
			);
			name = "[CP] Embed Pods Frameworks";
			outputFileListPaths = (
				"${PODS_ROOT}/Target Support Files/Pods-GeoHash/Pods-GeoHash-frameworks-${CONFIGURATION}-output-files.xcfilelist",
			);
			runOnlyForDeploymentPostprocessing = 0;
			shellPath = /bin/sh;
			shellScript = "\"${PODS_ROOT}/Target Support Files/Pods-GeoHash/Pods-GeoHash-frameworks.sh\"\n";
			showEnvVarsInLog = 0;
		};
		F8523624DE19F7A8830CEB8B /* [CP] Check Pods Manifest.lock */ = {
			isa = PBXShellScriptBuildPhase;
			buildActionMask = 2147483647;
			files = (
			);
			inputFileListPaths = (
			);
			inputPaths = (
				"${PODS_PODFILE_DIR_PATH}/Podfile.lock",
				"${PODS_ROOT}/Manifest.lock",
			);
			name = "[CP] Check Pods Manifest.lock";
			outputFileListPaths = (
			);
			outputPaths = (
				"$(DERIVED_FILE_DIR)/Pods-GeoHash-checkManifestLockResult.txt",
			);
			runOnlyForDeploymentPostprocessing = 0;
			shellPath = /bin/sh;
			shellScript = "diff \"${PODS_PODFILE_DIR_PATH}/Podfile.lock\" \"${PODS_ROOT}/Manifest.lock\" > /dev/null\nif [ $? != 0 ] ; then\n    # print error to STDERR\n    echo \"error: The sandbox is not in sync with the Podfile.lock. Run 'pod install' or update your CocoaPods installation.\" >&2\n    exit 1\nfi\n# This output is used by Xcode 'outputs' to avoid re-running this script phase.\necho \"SUCCESS\" > \"${SCRIPT_OUTPUT_FILE_0}\"\n";
			showEnvVarsInLog = 0;
		};
/* End PBXShellScriptBuildPhase section */

/* Begin PBXSourcesBuildPhase section */
		84FD230225C46BA0001B88F6 /* Sources */ = {
			isa = PBXSourcesBuildPhase;
			buildActionMask = 2147483647;
			files = (
				84FD230E25C46BA0001B88F6 /* ViewController.swift in Sources */,
				8431AB1625C4AD71005086DC /* Extensions.swift in Sources */,
				84FD230A25C46BA0001B88F6 /* AppDelegate.swift in Sources */,
				84A275F525C47C0400BC6573 /* DateHelp.swift in Sources */,
				84FD230C25C46BA0001B88F6 /* SceneDelegate.swift in Sources */,
				84A275D825C46FC100BC6573 /* PickUps.swift in Sources */,
			);
			runOnlyForDeploymentPostprocessing = 0;
		};
		84FD231825C46BA2001B88F6 /* Sources */ = {
			isa = PBXSourcesBuildPhase;
			buildActionMask = 2147483647;
			files = (
				84FD232125C46BA2001B88F6 /* GeoHashTests.swift in Sources */,
			);
			runOnlyForDeploymentPostprocessing = 0;
		};
		84FD232325C46BA2001B88F6 /* Sources */ = {
			isa = PBXSourcesBuildPhase;
			buildActionMask = 2147483647;
			files = (
				84FD232C25C46BA2001B88F6 /* GeoHashUITests.swift in Sources */,
			);
			runOnlyForDeploymentPostprocessing = 0;
		};
/* End PBXSourcesBuildPhase section */

/* Begin PBXTargetDependency section */
		84FD231E25C46BA2001B88F6 /* PBXTargetDependency */ = {
			isa = PBXTargetDependency;
			target = 84FD230525C46BA0001B88F6 /* GeoHash */;
			targetProxy = 84FD231D25C46BA2001B88F6 /* PBXContainerItemProxy */;
		};
		84FD232925C46BA2001B88F6 /* PBXTargetDependency */ = {
			isa = PBXTargetDependency;
			target = 84FD230525C46BA0001B88F6 /* GeoHash */;
			targetProxy = 84FD232825C46BA2001B88F6 /* PBXContainerItemProxy */;
		};
/* End PBXTargetDependency section */

/* Begin PBXVariantGroup section */
		84FD230F25C46BA0001B88F6 /* Main.storyboard */ = {
			isa = PBXVariantGroup;
			children = (
				84FD231025C46BA0001B88F6 /* Base */,
			);
			name = Main.storyboard;
			sourceTree = "<group>";
		};
		84FD231425C46BA2001B88F6 /* LaunchScreen.storyboard */ = {
			isa = PBXVariantGroup;
			children = (
				84FD231525C46BA2001B88F6 /* Base */,
			);
			name = LaunchScreen.storyboard;
			sourceTree = "<group>";
		};
/* End PBXVariantGroup section */

/* Begin XCBuildConfiguration section */
		84FD232E25C46BA2001B88F6 /* Debug */ = {
			isa = XCBuildConfiguration;
			buildSettings = {
				ALWAYS_SEARCH_USER_PATHS = NO;
				CLANG_ANALYZER_NONNULL = YES;
				CLANG_ANALYZER_NUMBER_OBJECT_CONVERSION = YES_AGGRESSIVE;
				CLANG_CXX_LANGUAGE_STANDARD = "gnu++14";
				CLANG_CXX_LIBRARY = "libc++";
				CLANG_ENABLE_MODULES = YES;
				CLANG_ENABLE_OBJC_ARC = YES;
				CLANG_ENABLE_OBJC_WEAK = YES;
				CLANG_WARN_BLOCK_CAPTURE_AUTORELEASING = YES;
				CLANG_WARN_BOOL_CONVERSION = YES;
				CLANG_WARN_COMMA = YES;
				CLANG_WARN_CONSTANT_CONVERSION = YES;
				CLANG_WARN_DEPRECATED_OBJC_IMPLEMENTATIONS = YES;
				CLANG_WARN_DIRECT_OBJC_ISA_USAGE = YES_ERROR;
				CLANG_WARN_DOCUMENTATION_COMMENTS = YES;
				CLANG_WARN_EMPTY_BODY = YES;
				CLANG_WARN_ENUM_CONVERSION = YES;
				CLANG_WARN_INFINITE_RECURSION = YES;
				CLANG_WARN_INT_CONVERSION = YES;
				CLANG_WARN_NON_LITERAL_NULL_CONVERSION = YES;
				CLANG_WARN_OBJC_IMPLICIT_RETAIN_SELF = YES;
				CLANG_WARN_OBJC_LITERAL_CONVERSION = YES;
				CLANG_WARN_OBJC_ROOT_CLASS = YES_ERROR;
				CLANG_WARN_QUOTED_INCLUDE_IN_FRAMEWORK_HEADER = YES;
				CLANG_WARN_RANGE_LOOP_ANALYSIS = YES;
				CLANG_WARN_STRICT_PROTOTYPES = YES;
				CLANG_WARN_SUSPICIOUS_MOVE = YES;
				CLANG_WARN_UNGUARDED_AVAILABILITY = YES_AGGRESSIVE;
				CLANG_WARN_UNREACHABLE_CODE = YES;
				CLANG_WARN__DUPLICATE_METHOD_MATCH = YES;
				COPY_PHASE_STRIP = NO;
				DEBUG_INFORMATION_FORMAT = dwarf;
				ENABLE_STRICT_OBJC_MSGSEND = YES;
				ENABLE_TESTABILITY = YES;
				GCC_C_LANGUAGE_STANDARD = gnu11;
				GCC_DYNAMIC_NO_PIC = NO;
				GCC_NO_COMMON_BLOCKS = YES;
				GCC_OPTIMIZATION_LEVEL = 0;
				GCC_PREPROCESSOR_DEFINITIONS = (
					"DEBUG=1",
					"$(inherited)",
				);
				GCC_WARN_64_TO_32_BIT_CONVERSION = YES;
				GCC_WARN_ABOUT_RETURN_TYPE = YES_ERROR;
				GCC_WARN_UNDECLARED_SELECTOR = YES;
				GCC_WARN_UNINITIALIZED_AUTOS = YES_AGGRESSIVE;
				GCC_WARN_UNUSED_FUNCTION = YES;
				GCC_WARN_UNUSED_VARIABLE = YES;
				IPHONEOS_DEPLOYMENT_TARGET = 14.4;
				MTL_ENABLE_DEBUG_INFO = INCLUDE_SOURCE;
				MTL_FAST_MATH = YES;
				ONLY_ACTIVE_ARCH = YES;
				SDKROOT = iphoneos;
				SWIFT_ACTIVE_COMPILATION_CONDITIONS = DEBUG;
				SWIFT_OPTIMIZATION_LEVEL = "-Onone";
			};
			name = Debug;
		};
		84FD232F25C46BA2001B88F6 /* Release */ = {
			isa = XCBuildConfiguration;
			buildSettings = {
				ALWAYS_SEARCH_USER_PATHS = NO;
				CLANG_ANALYZER_NONNULL = YES;
				CLANG_ANALYZER_NUMBER_OBJECT_CONVERSION = YES_AGGRESSIVE;
				CLANG_CXX_LANGUAGE_STANDARD = "gnu++14";
				CLANG_CXX_LIBRARY = "libc++";
				CLANG_ENABLE_MODULES = YES;
				CLANG_ENABLE_OBJC_ARC = YES;
				CLANG_ENABLE_OBJC_WEAK = YES;
				CLANG_WARN_BLOCK_CAPTURE_AUTORELEASING = YES;
				CLANG_WARN_BOOL_CONVERSION = YES;
				CLANG_WARN_COMMA = YES;
				CLANG_WARN_CONSTANT_CONVERSION = YES;
				CLANG_WARN_DEPRECATED_OBJC_IMPLEMENTATIONS = YES;
				CLANG_WARN_DIRECT_OBJC_ISA_USAGE = YES_ERROR;
				CLANG_WARN_DOCUMENTATION_COMMENTS = YES;
				CLANG_WARN_EMPTY_BODY = YES;
				CLANG_WARN_ENUM_CONVERSION = YES;
				CLANG_WARN_INFINITE_RECURSION = YES;
				CLANG_WARN_INT_CONVERSION = YES;
				CLANG_WARN_NON_LITERAL_NULL_CONVERSION = YES;
				CLANG_WARN_OBJC_IMPLICIT_RETAIN_SELF = YES;
				CLANG_WARN_OBJC_LITERAL_CONVERSION = YES;
				CLANG_WARN_OBJC_ROOT_CLASS = YES_ERROR;
				CLANG_WARN_QUOTED_INCLUDE_IN_FRAMEWORK_HEADER = YES;
				CLANG_WARN_RANGE_LOOP_ANALYSIS = YES;
				CLANG_WARN_STRICT_PROTOTYPES = YES;
				CLANG_WARN_SUSPICIOUS_MOVE = YES;
				CLANG_WARN_UNGUARDED_AVAILABILITY = YES_AGGRESSIVE;
				CLANG_WARN_UNREACHABLE_CODE = YES;
				CLANG_WARN__DUPLICATE_METHOD_MATCH = YES;
				COPY_PHASE_STRIP = NO;
				DEBUG_INFORMATION_FORMAT = "dwarf-with-dsym";
				ENABLE_NS_ASSERTIONS = NO;
				ENABLE_STRICT_OBJC_MSGSEND = YES;
				GCC_C_LANGUAGE_STANDARD = gnu11;
				GCC_NO_COMMON_BLOCKS = YES;
				GCC_WARN_64_TO_32_BIT_CONVERSION = YES;
				GCC_WARN_ABOUT_RETURN_TYPE = YES_ERROR;
				GCC_WARN_UNDECLARED_SELECTOR = YES;
				GCC_WARN_UNINITIALIZED_AUTOS = YES_AGGRESSIVE;
				GCC_WARN_UNUSED_FUNCTION = YES;
				GCC_WARN_UNUSED_VARIABLE = YES;
				IPHONEOS_DEPLOYMENT_TARGET = 14.4;
				MTL_ENABLE_DEBUG_INFO = NO;
				MTL_FAST_MATH = YES;
				SDKROOT = iphoneos;
				SWIFT_COMPILATION_MODE = wholemodule;
				SWIFT_OPTIMIZATION_LEVEL = "-O";
				VALIDATE_PRODUCT = YES;
			};
			name = Release;
		};
		84FD233125C46BA2001B88F6 /* Debug */ = {
			isa = XCBuildConfiguration;
			baseConfigurationReference = 294C2C1E8CC61437D6302CC0 /* Pods-GeoHash.debug.xcconfig */;
			buildSettings = {
				ASSETCATALOG_COMPILER_APPICON_NAME = AppIcon;
				ASSETCATALOG_COMPILER_GLOBAL_ACCENT_COLOR_NAME = AccentColor;
				CODE_SIGN_STYLE = Automatic;
				DEVELOPMENT_TEAM = 22U4CL887R;
				INFOPLIST_FILE = GeoHash/Info.plist;
				LD_RUNPATH_SEARCH_PATHS = (
					"$(inherited)",
					"@executable_path/Frameworks",
				);
				PRODUCT_BUNDLE_IDENTIFIER = org.swiftsense.GeoHash;
				PRODUCT_NAME = "$(TARGET_NAME)";
				SWIFT_VERSION = 5.0;
				TARGETED_DEVICE_FAMILY = "1,2";
			};
			name = Debug;
		};
		84FD233225C46BA2001B88F6 /* Release */ = {
			isa = XCBuildConfiguration;
			baseConfigurationReference = 631E0CAFDDF06F375EF4F957 /* Pods-GeoHash.release.xcconfig */;
			buildSettings = {
				ASSETCATALOG_COMPILER_APPICON_NAME = AppIcon;
				ASSETCATALOG_COMPILER_GLOBAL_ACCENT_COLOR_NAME = AccentColor;
				CODE_SIGN_STYLE = Automatic;
				DEVELOPMENT_TEAM = 22U4CL887R;
				INFOPLIST_FILE = GeoHash/Info.plist;
				LD_RUNPATH_SEARCH_PATHS = (
					"$(inherited)",
					"@executable_path/Frameworks",
				);
				PRODUCT_BUNDLE_IDENTIFIER = org.swiftsense.GeoHash;
				PRODUCT_NAME = "$(TARGET_NAME)";
				SWIFT_VERSION = 5.0;
				TARGETED_DEVICE_FAMILY = "1,2";
			};
			name = Release;
		};
		84FD233425C46BA2001B88F6 /* Debug */ = {
			isa = XCBuildConfiguration;
			baseConfigurationReference = 02DF5053D2FCD8E594556628 /* Pods-GeoHashTests.debug.xcconfig */;
			buildSettings = {
				ALWAYS_EMBED_SWIFT_STANDARD_LIBRARIES = YES;
				BUNDLE_LOADER = "$(TEST_HOST)";
				CODE_SIGN_STYLE = Automatic;
				DEVELOPMENT_TEAM = 22U4CL887R;
				INFOPLIST_FILE = GeoHashTests/Info.plist;
				IPHONEOS_DEPLOYMENT_TARGET = 14.4;
				LD_RUNPATH_SEARCH_PATHS = (
					"$(inherited)",
					"@executable_path/Frameworks",
					"@loader_path/Frameworks",
				);
				PRODUCT_BUNDLE_IDENTIFIER = org.swiftsense.GeoHashTests;
				PRODUCT_NAME = "$(TARGET_NAME)";
				SWIFT_VERSION = 5.0;
				TARGETED_DEVICE_FAMILY = "1,2";
				TEST_HOST = "$(BUILT_PRODUCTS_DIR)/GeoHash.app/GeoHash";
			};
			name = Debug;
		};
		84FD233525C46BA2001B88F6 /* Release */ = {
			isa = XCBuildConfiguration;
			baseConfigurationReference = 35D7224B5580C533A69A0E88 /* Pods-GeoHashTests.release.xcconfig */;
			buildSettings = {
				ALWAYS_EMBED_SWIFT_STANDARD_LIBRARIES = YES;
				BUNDLE_LOADER = "$(TEST_HOST)";
				CODE_SIGN_STYLE = Automatic;
				DEVELOPMENT_TEAM = 22U4CL887R;
				INFOPLIST_FILE = GeoHashTests/Info.plist;
				IPHONEOS_DEPLOYMENT_TARGET = 14.4;
				LD_RUNPATH_SEARCH_PATHS = (
					"$(inherited)",
					"@executable_path/Frameworks",
					"@loader_path/Frameworks",
				);
				PRODUCT_BUNDLE_IDENTIFIER = org.swiftsense.GeoHashTests;
				PRODUCT_NAME = "$(TARGET_NAME)";
				SWIFT_VERSION = 5.0;
				TARGETED_DEVICE_FAMILY = "1,2";
				TEST_HOST = "$(BUILT_PRODUCTS_DIR)/GeoHash.app/GeoHash";
			};
			name = Release;
		};
		84FD233725C46BA2001B88F6 /* Debug */ = {
			isa = XCBuildConfiguration;
			baseConfigurationReference = 7A7CBC6D8903A43C6E4C3574 /* Pods-GeoHash-GeoHashUITests.debug.xcconfig */;
			buildSettings = {
				ALWAYS_EMBED_SWIFT_STANDARD_LIBRARIES = YES;
				CODE_SIGN_STYLE = Automatic;
				DEVELOPMENT_TEAM = 22U4CL887R;
				INFOPLIST_FILE = GeoHashUITests/Info.plist;
				LD_RUNPATH_SEARCH_PATHS = (
					"$(inherited)",
					"@executable_path/Frameworks",
					"@loader_path/Frameworks",
				);
				PRODUCT_BUNDLE_IDENTIFIER = org.swiftsense.GeoHashUITests;
				PRODUCT_NAME = "$(TARGET_NAME)";
				SWIFT_VERSION = 5.0;
				TARGETED_DEVICE_FAMILY = "1,2";
				TEST_TARGET_NAME = GeoHash;
			};
			name = Debug;
		};
		84FD233825C46BA2001B88F6 /* Release */ = {
			isa = XCBuildConfiguration;
			baseConfigurationReference = 0E631A90A3DBABAAC3CDCBF7 /* Pods-GeoHash-GeoHashUITests.release.xcconfig */;
			buildSettings = {
				ALWAYS_EMBED_SWIFT_STANDARD_LIBRARIES = YES;
				CODE_SIGN_STYLE = Automatic;
				DEVELOPMENT_TEAM = 22U4CL887R;
				INFOPLIST_FILE = GeoHashUITests/Info.plist;
				LD_RUNPATH_SEARCH_PATHS = (
					"$(inherited)",
					"@executable_path/Frameworks",
					"@loader_path/Frameworks",
				);
				PRODUCT_BUNDLE_IDENTIFIER = org.swiftsense.GeoHashUITests;
				PRODUCT_NAME = "$(TARGET_NAME)";
				SWIFT_VERSION = 5.0;
				TARGETED_DEVICE_FAMILY = "1,2";
				TEST_TARGET_NAME = GeoHash;
			};
			name = Release;
		};
/* End XCBuildConfiguration section */

/* Begin XCConfigurationList section */
		84FD230125C46BA0001B88F6 /* Build configuration list for PBXProject "GeoHash" */ = {
			isa = XCConfigurationList;
			buildConfigurations = (
				84FD232E25C46BA2001B88F6 /* Debug */,
				84FD232F25C46BA2001B88F6 /* Release */,
			);
			defaultConfigurationIsVisible = 0;
			defaultConfigurationName = Release;
		};
		84FD233025C46BA2001B88F6 /* Build configuration list for PBXNativeTarget "GeoHash" */ = {
			isa = XCConfigurationList;
			buildConfigurations = (
				84FD233125C46BA2001B88F6 /* Debug */,
				84FD233225C46BA2001B88F6 /* Release */,
			);
			defaultConfigurationIsVisible = 0;
			defaultConfigurationName = Release;
		};
		84FD233325C46BA2001B88F6 /* Build configuration list for PBXNativeTarget "GeoHashTests" */ = {
			isa = XCConfigurationList;
			buildConfigurations = (
				84FD233425C46BA2001B88F6 /* Debug */,
				84FD233525C46BA2001B88F6 /* Release */,
			);
			defaultConfigurationIsVisible = 0;
			defaultConfigurationName = Release;
		};
		84FD233625C46BA2001B88F6 /* Build configuration list for PBXNativeTarget "GeoHashUITests" */ = {
			isa = XCConfigurationList;
			buildConfigurations = (
				84FD233725C46BA2001B88F6 /* Debug */,
				84FD233825C46BA2001B88F6 /* Release */,
			);
			defaultConfigurationIsVisible = 0;
			defaultConfigurationName = Release;
		};
/* End XCConfigurationList section */
	};
	rootObject = 84FD22FE25C46BA0001B88F6 /* Project object */;
}
